
Microsoft Visual Studio Solution File, Format Version 12.00
# Visual Studio Version 17
VisualStudioVersion = 17.7.34031.279
MinimumVisualStudioVersion = 10.0.40219.1
Project("{888888A0-9F3D-457C-B088-3A5042F75D52}") = "AzureDeploymentTest", "AzureDeploymentTest.pyproj", "{4DACE42D-7240-4A8B-94EF-BA6F60CD272C}"
EndProject
Global
	GlobalSection(SolutionConfigurationPlatforms) = preSolution
		Debug|Any CPU = Debug|Any CPU
		Release|Any CPU = Release|Any CPU
	EndGlobalSection
	GlobalSection(ProjectConfigurationPlatforms) = postSolution
		{4DACE42D-7240-4A8B-94EF-BA6F60CD272C}.Debug|Any CPU.ActiveCfg = Debug|Any CPU
		{4DACE42D-7240-4A8B-94EF-BA6F60CD272C}.Debug|Any CPU.Build.0 = Debug|Any CPU
		{4DACE42D-7240-4A8B-94EF-BA6F60CD272C}.Release|Any CPU.ActiveCfg = Release|Any CPU
		{4DACE42D-7240-4A8B-94EF-BA6F60CD272C}.Release|Any CPU.Build.0 = Release|Any CPU
	EndGlobalSection
	GlobalSection(SolutionProperties) = preSolution
		HideSolutionNode = FALSE
	EndGlobalSection
	GlobalSection(ExtensibilityGlobals) = postSolution
		SolutionGuid = {2B655069-6CF1-4E14-991C-AA8E77621FE8}
	EndGlobalSection
EndGlobal
